
Microsoft Visual Studio Solution File, Format Version 12.00
# Visual Studio Version 17
VisualStudioVersion = 17.1.32421.90
MinimumVisualStudioVersion = 10.0.40219.1
Project("{FAE04EC0-301F-11D3-BF4B-00C04F79EFBC}") = "Tic-Tac-Toe-VB", "Tic-Tac-Toe-VB\Tic-Tac-Toe-VB.csproj", "{9ABA16BD-52C8-4D61-B5BF-8713BDB0C6E0}"
EndProject
Global
	GlobalSection(SolutionConfigurationPlatforms) = preSolution
		Debug|Any CPU = Debug|Any CPU
		Release|Any CPU = Release|Any CPU
	EndGlobalSection
	GlobalSection(ProjectConfigurationPlatforms) = postSolution
		{9ABA16BD-52C8-4D61-B5BF-8713BDB0C6E0}.Debug|Any CPU.ActiveCfg = Debug|Any CPU
		{9ABA16BD-52C8-4D61-B5BF-8713BDB0C6E0}.Debug|Any CPU.Build.0 = Debug|Any CPU
		{9ABA16BD-52C8-4D61-B5BF-8713BDB0C6E0}.Release|Any CPU.ActiveCfg = Release|Any CPU
		{9ABA16BD-52C8-4D61-B5BF-8713BDB0C6E0}.Release|Any CPU.Build.0 = Release|Any CPU
	EndGlobalSection
	GlobalSection(SolutionProperties) = preSolution
		HideSolutionNode = FALSE
	EndGlobalSection
	GlobalSection(ExtensibilityGlobals) = postSolution
		SolutionGuid = {10868F4B-9AF8-4AF9-89AE-A3A8479A06D3}
	EndGlobalSection
EndGlobal
